PODS:
  - AVOSCloud (11.2.3)
  - SDWebImage (4.4.2):
    - SDWebImage/Core (= 4.4.2)
  - SDWebImage/Core (4.4.2)

DEPENDENCIES:
  - AVOSCloud (= 11.2.3)
  - SDWebImage

SPEC REPOS:
  https://github.com/CocoaPods/Specs.git:
    - AVOSCloud
    - SDWebImage

SPEC CHECKSUMS:
  AVOSCloud: df0c05625e6aabd07fd134220321192ab63408a6
  SDWebImage: 624d6e296c69b244bcede364c72ae0430ac14681

PODFILE CHECKSUM: deb9881edecf86cd0460c35320edc62bd8d3d95d

COCOAPODS: 1.5.0
